Microsoft Visual Studio Solution File, Format Version 12.00
# Visual Studio Version 17
VisualStudioVersion = 17.5.2.0
MinimumVisualStudioVersion = 10.0.40219.1
Project("{FAE04EC0-301F-11D3-BF4B-00C04F79EFBC}") = "ms-demo", "ms-demo.csproj", "{1A080302-F386-099B-B98B-CC0ABFBE9A8C}"
EndProject
Global
	GlobalSection(SolutionConfigurationPlatforms) = preSolution
		Debug|Any CPU = Debug|Any CPU
		Release|Any CPU = Release|Any CPU
	EndGlobalSection
	GlobalSection(ProjectConfigurationPlatforms) = postSolution
		{1A080302-F386-099B-B98B-CC0ABFBE9A8C}.Debug|Any CPU.ActiveCfg = Debug|Any CPU
		{1A080302-F386-099B-B98B-CC0ABFBE9A8C}.Debug|Any CPU.Build.0 = Debug|Any CPU
		{1A080302-F386-099B-B98B-CC0ABFBE9A8C}.Release|Any CPU.ActiveCfg = Release|Any CPU
		{1A080302-F386-099B-B98B-CC0ABFBE9A8C}.Release|Any CPU.Build.0 = Release|Any CPU
	EndGlobalSection
	GlobalSection(SolutionProperties) = preSolution
		HideSolutionNode = FALSE
	EndGlobalSection
	GlobalSection(ExtensibilityGlobals) = postSolution
		SolutionGuid = {98FFEB04-1ABA-4E75-8880-3F88A82B1525}
	EndGlobalSection
EndGlobal
